github.com/davecgh/go-spew v1.1.0/go.mod h1:J7Y8YcW2NihsgmVo/mv3lAwl/skON4iLHjSsI+c5H38=
github.com/labstack/gommon v0.3.0/go.mod h1:MULnywXg0yavhxWKc+lOruYdAhDwPK9wf0OL7NoOu+k=
github.com/mattn/go-colorable v0.1.2/go.mod h1:U0ppj6V5qS13XJ6of8GYAs25YV2eR4EVcfRqFIhoBtE=
github.com/mattn/go-isatty v0.0.8/go.mod h1:Iq45c/XA43vh69/j3iqttzPXn0bhXyGjM0Hdxcsrc5s=
github.com/mattn/go-isatty v0.0.9/go.mod h1:YNRxwqDuOph6SZLI9vUUz6OYw3QyUt7WiY2yME+cCiQ=
github.com/notedit/gstreamer-go v0.3.1 h1:gkHgNY4Qswv5hZxq5GbZ1lPGUX26BoMAqWVaoIX7ohE=
github.com/notedit/gstreamer-go v0.3.1/go.mod h1:CGCLZR47aRzzEmup8uQcplfOdLqEtJjFihiu+A2aIZw=
github.com/pmezard/go-difflib v1.0.0/go.mod h1:iKH77koFhYxTK1pcRnkKkqfTogsbg7gZNVY4sRDYZ/4=
github.com/stretchr/objx v0.1.0/go.mod h1:HFkY916IF+rwdDfMAkV7OtwuqBVzrE8GR6GFx+wExME=
github.com/stretchr/testify v1.4.0/go.mod h1:j7eGeouHqKxXV5pUuKE4zz7dFj8WfuZ+81PSLYec5m4=
github.com/valyala/bytebufferpool v1.0.0/go.mod h1:6bBcMArwyJ5K/AmCkWv1jt77kVWyCJ6HpOuEn7z0Csc=
github.com/valyala/fasttemplate v1.0.1/go.mod h1:UQGH1tvbgY+Nz5t2n7tXsz52dQxojPUpymEIMZ47gx8=
github.com/vinijabes/gostreamer v0.0.0-20200428024602-eb7b76308d8c h1:vB8mFl47JBHntYABKJ/pARrSMHCS4h8+hdHVXYDvbRk=
github.com/vinijabes/gostreamer v0.0.0-20200428024602-eb7b76308d8c/go.mod h1:S3nuqPMlxJBtEU3CSb9QOEbWNFxfv+G4nlj31SCffcc=
github.com/vinijabes/gostreamer v0.0.0-20200428122848-bf14daa269b5 h1:enAcf2UdosUOk3kNc+6UclaWyPU0P8l0NaKQLsAo8WM=
github.com/vinijabes/gostreamer v0.0.0-20200428122848-bf14daa269b5/go.mod h1:S3nuqPMlxJBtEU3CSb9QOEbWNFxfv+G4nlj31SCffcc=
github.com/vinijabes/gostreamer v0.0.0-20200428123116-e671958a604e h1:3YVD3RpKwglTavXbMC5ZKdEUPi90qRi+fH/7jLCz9Fc=
github.com/vinijabes/gostreamer v0.0.0-20200428123116-e671958a604e/go.mod h1:S3nuqPMlxJBtEU3CSb9QOEbWNFxfv+G4nlj31SCffcc=
github.com/vinijabes/gostreamer v0.0.0-20200428124218-88af220f55ae h1:i6gFhsfcWLnb97WK+zpY4gFKiM02YjGoi2Aow9qCvbw=
github.com/vinijabes/gostreamer v0.0.0-20200428124218-88af220f55ae/go.mod h1:S3nuqPMlxJBtEU3CSb9QOEbWNFxfv+G4nlj31SCffcc=
github.com/vinijabes/gostreamer v0.1.0 h1:Ws6UBbQgR0abZY9oIqeaoK4TviacfELmVAOvFOc4osU=
github.com/vinijabes/gostreamer v0.1.0/go.mod h1:S3nuqPMlxJBtEU3CSb9QOEbWNFxfv+G4nlj31SCffcc=
github.com/vinijabes/gostreamer v0.1.1-0.20200513024400-a39f7d19f083 h1:P3KebcjWU8450tt3x26297U1Yby+caCGju9+BT21ji4=
github.com/vinijabes/gostreamer v0.1.1-0.20200513024400-a39f7d19f083/go.mod h1:S3nuqPMlxJBtEU3CSb9QOEbWNFxfv+G4nlj31SCffcc=
github.com/vinijabes/gostreamer v0.1.1-0.20200513025310-e8579c09323d h1:1DLQwO7X0AirHlS0pZwfZZZm12gDNFolM3GucjprkZA=
github.com/vinijabes/gostreamer v0.1.1-0.20200513025310-e8579c09323d/go.mod h1:S3nuqPMlxJBtEU3CSb9QOEbWNFxfv+G4nlj31SCffcc=
github.com/vinijabes/gostreamer v0.1.1-0.20200513025913-36796a032566 h1:GFc0LCGiHkvVRSGqYm4vzw3oP2RpLw8n3AlFa/Ief6c=
github.com/vinijabes/gostreamer v0.1.1-0.20200513025913-36796a032566/go.mod h1:S3nuqPMlxJBtEU3CSb9QOEbWNFxfv+G4nlj31SCffcc=
github.com/vinijabes/gostreamer v0.1.1 h1:WPlHm1xmrxQhOc2riVnFg6m+rYkvAOLgTRZiuRfvYe0=
github.com/vinijabes/gostreamer v0.1.1/go.mod h1:MAY+dEJuXm1US1WKVFWXIIxeyrQw2t2DLyjb1vnU4hs=
github.com/vinijabes/gostreamer v0.1.2 h1:oqei/VwhZc754mplMwWBIloVgbOTVanDc5H1stXTBuc=
github.com/vinijabes/gostreamer v0.1.2/go.mod h1:MAY+dEJuXm1US1WKVFWXIIxeyrQw2t2DLyjb1vnU4hs=
github.com/vinijabes/gostreamer v0.1.3 h1:PINdxvvkRnAlJLv1dAqZTigkIYBkAUqZ3vre7RSlCMw=
github.com/vinijabes/gostreamer v0.1.3/go.mod h1:MAY+dEJuXm1US1WKVFWXIIxeyrQw2t2DLyjb1vnU4hs=
github.com/vinijabes/gostreamer v0.1.4 h1:G0ffHhfS0ijRPqMp62fzcy5dlgAhU2UThvLx6/j/de0=
github.com/vinijabes/gostreamer v0.1.4/go.mod h1:MAY+dEJuXm1US1WKVFWXIIxeyrQw2t2DLyjb1vnU4hs=
github.com/vinijabes/gostreamer v0.1.5 h1:n5LyVuV06qwcAotiT3bkiAmjQD6puvTkNCe5K5Og3uQ=
github.com/vinijabes/gostreamer v0.1.5/go.mod h1:MAY+dEJuXm1US1WKVFWXIIxeyrQw2t2DLyjb1vnU4hs=
golang.org/x/sys v0.0.0-20190222072716-a9d3bda3a223/go.mod h1:STP8DvDyc/dI5b8T5hshtkjS+E42TnysNCUPdjciGhY=
golang.org/x/sys v0.0.0-20190813064441-fde4db37ae7a/go.mod h1:h1NjWce9XRLGQEsW7wpKNCjG9DtNlClVuFLEZdDNbEs=
golang.org/x/text v0.3.2 h1:tW2bmiBqwgJj/UpqtC8EpXEZVYOwU0yG4iWbprSVAcs=
golang.org/x/text v0.3.2/go.mod h1:bEr9sfX3Q8Zfm5fL9x+3itogRgK3+ptLWKqgva+5dAk=
golang.org/x/tools v0.0.0-20180917221912-90fa682c2a6e/go.mod h1:n7NCudcB/nEzxVGmLbDWY5pfWTLqBcC2KZ6jyYvM4mQ=
gopkg.in/check.v1 v0.0.0-20161208181325-20d25e280405/go.mod h1:Co6ibVJAznAaIkqp8huTwlJQCZ016jof/cbN4VW5Yz0=
gopkg.in/yaml.v2 v2.2.2/go.mod h1:hI93XBmqTisBFMUTm0b8Fm+jr3Dg1NNxqwp+5A1VGuI=
